
Microsoft Visual Studio Solution File, Format Version 12.00
# Visual Studio Version 17
VisualStudioVersion = 17.14.36518.9 d17.14
MinimumVisualStudioVersion = 10.0.40219.1
Project("{FAE04EC0-301F-11D3-BF4B-00C04F79EFBC}") = "Project_6_1_FAQ", "Project_6_1_FAQ.csproj", "{4314F32A-6CA4-45C3-865B-3A4235F83033}"
EndProject
Project("{FAE04EC0-301F-11D3-BF4B-00C04F79EFBC}") = "Project_7_1_MyWebsite", "..\Project_7_1_MyWebsite\Project_7_1_MyWebsite.csproj", "{FB32EB91-F220-44D1-94C3-2F85FAA17642}"
EndProject
Project("{FAE04EC0-301F-11D3-BF4B-00C04F79EFBC}") = "Project_8_1_TripsLog", "..\Project_8_1_TripsLog\Project_8_1_TripsLog.csproj", "{0CE573FF-3DEF-4369-B9BC-101A56EE7A26}"
EndProject
Global
	GlobalSection(SolutionConfigurationPlatforms) = preSolution
		Debug|Any CPU = Debug|Any CPU
		Release|Any CPU = Release|Any CPU
	EndGlobalSection
	GlobalSection(ProjectConfigurationPlatforms) = postSolution
		{4314F32A-6CA4-45C3-865B-3A4235F83033}.Debug|Any CPU.ActiveCfg = Debug|Any CPU
		{4314F32A-6CA4-45C3-865B-3A4235F83033}.Debug|Any CPU.Build.0 = Debug|Any CPU
		{4314F32A-6CA4-45C3-865B-3A4235F83033}.Release|Any CPU.ActiveCfg = Release|Any CPU
		{4314F32A-6CA4-45C3-865B-3A4235F83033}.Release|Any CPU.Build.0 = Release|Any CPU
		{FB32EB91-F220-44D1-94C3-2F85FAA17642}.Debug|Any CPU.ActiveCfg = Debug|Any CPU
		{FB32EB91-F220-44D1-94C3-2F85FAA17642}.Debug|Any CPU.Build.0 = Debug|Any CPU
		{FB32EB91-F220-44D1-94C3-2F85FAA17642}.Release|Any CPU.ActiveCfg = Release|Any CPU
		{FB32EB91-F220-44D1-94C3-2F85FAA17642}.Release|Any CPU.Build.0 = Release|Any CPU
		{0CE573FF-3DEF-4369-B9BC-101A56EE7A26}.Debug|Any CPU.ActiveCfg = Debug|Any CPU
		{0CE573FF-3DEF-4369-B9BC-101A56EE7A26}.Debug|Any CPU.Build.0 = Debug|Any CPU
		{0CE573FF-3DEF-4369-B9BC-101A56EE7A26}.Release|Any CPU.ActiveCfg = Release|Any CPU
		{0CE573FF-3DEF-4369-B9BC-101A56EE7A26}.Release|Any CPU.Build.0 = Release|Any CPU
	EndGlobalSection
	GlobalSection(SolutionProperties) = preSolution
		HideSolutionNode = FALSE
	EndGlobalSection
	GlobalSection(ExtensibilityGlobals) = postSolution
		SolutionGuid = {7AEE4D9C-6EF3-443C-8F56-31E714900A60}
	EndGlobalSection
EndGlobal
